
Microsoft Visual Studio Solution File, Format Version 12.00
# Visual Studio Version 17
VisualStudioVersion = 17.9.34728.123
MinimumVisualStudioVersion = 10.0.40219.1
Project("{9A19103F-16F7-4668-BE54-9A1E7A4F7556}") = "AuctionService", "src\AuctionService\AuctionService.csproj", "{BFACCA66-0ECF-4F5D-AFAF-9D575BEA8430}"
EndProject
Project("{2150E333-8FDC-42A3-9474-1A3956D46DE8}") = "src", "src", "{337725C2-97A6-4DF1-8EBD-C5C2438DAE55}"
EndProject
Project("{E53339B2-1760-4266-BCC7-CA923CBCF16C}") = "docker-compose", "docker-compose.dcproj", "{D6DA912C-7645-4FEF-9AC5-C82242014D75}"
EndProject
Project("{9A19103F-16F7-4668-BE54-9A1E7A4F7556}") = "SearchServices", "src\SearchServices\SearchServices.csproj", "{00016BE7-85EA-405B-B897-49F2508BD592}"
EndProject
Project("{9A19103F-16F7-4668-BE54-9A1E7A4F7556}") = "IdentityService", "src\IdentityService\IdentityService.csproj", "{316DA076-F2E4-4FF1-96CF-DB1187BE5CF1}"
EndProject
Project("{9A19103F-16F7-4668-BE54-9A1E7A4F7556}") = "Contracts", "src\Contracts\Contracts.csproj", "{87EF0FFE-F6D5-4B50-81A1-05C6265FE025}"
EndProject
Global
	GlobalSection(SolutionConfigurationPlatforms) = preSolution
		Debug|Any CPU = Debug|Any CPU
		Release|Any CPU = Release|Any CPU
	EndGlobalSection
	GlobalSection(ProjectConfigurationPlatforms) = postSolution
		{BFACCA66-0ECF-4F5D-AFAF-9D575BEA8430}.Debug|Any CPU.ActiveCfg = Debug|Any CPU
		{BFACCA66-0ECF-4F5D-AFAF-9D575BEA8430}.Debug|Any CPU.Build.0 = Debug|Any CPU
		{BFACCA66-0ECF-4F5D-AFAF-9D575BEA8430}.Release|Any CPU.ActiveCfg = Release|Any CPU
		{BFACCA66-0ECF-4F5D-AFAF-9D575BEA8430}.Release|Any CPU.Build.0 = Release|Any CPU
		{D6DA912C-7645-4FEF-9AC5-C82242014D75}.Debug|Any CPU.ActiveCfg = Debug|Any CPU
		{D6DA912C-7645-4FEF-9AC5-C82242014D75}.Debug|Any CPU.Build.0 = Debug|Any CPU
		{D6DA912C-7645-4FEF-9AC5-C82242014D75}.Release|Any CPU.ActiveCfg = Release|Any CPU
		{D6DA912C-7645-4FEF-9AC5-C82242014D75}.Release|Any CPU.Build.0 = Release|Any CPU
		{00016BE7-85EA-405B-B897-49F2508BD592}.Debug|Any CPU.ActiveCfg = Debug|Any CPU
		{00016BE7-85EA-405B-B897-49F2508BD592}.Debug|Any CPU.Build.0 = Debug|Any CPU
		{00016BE7-85EA-405B-B897-49F2508BD592}.Release|Any CPU.ActiveCfg = Release|Any CPU
		{00016BE7-85EA-405B-B897-49F2508BD592}.Release|Any CPU.Build.0 = Release|Any CPU
		{316DA076-F2E4-4FF1-96CF-DB1187BE5CF1}.Debug|Any CPU.ActiveCfg = Debug|Any CPU
		{316DA076-F2E4-4FF1-96CF-DB1187BE5CF1}.Debug|Any CPU.Build.0 = Debug|Any CPU
		{316DA076-F2E4-4FF1-96CF-DB1187BE5CF1}.Release|Any CPU.ActiveCfg = Release|Any CPU
		{316DA076-F2E4-4FF1-96CF-DB1187BE5CF1}.Release|Any CPU.Build.0 = Release|Any CPU
		{87EF0FFE-F6D5-4B50-81A1-05C6265FE025}.Debug|Any CPU.ActiveCfg = Debug|Any CPU
		{87EF0FFE-F6D5-4B50-81A1-05C6265FE025}.Debug|Any CPU.Build.0 = Debug|Any CPU
		{87EF0FFE-F6D5-4B50-81A1-05C6265FE025}.Release|Any CPU.ActiveCfg = Release|Any CPU
		{87EF0FFE-F6D5-4B50-81A1-05C6265FE025}.Release|Any CPU.Build.0 = Release|Any CPU
	EndGlobalSection
	GlobalSection(SolutionProperties) = preSolution
		HideSolutionNode = FALSE
	EndGlobalSection
	GlobalSection(NestedProjects) = preSolution
		{BFACCA66-0ECF-4F5D-AFAF-9D575BEA8430} = {337725C2-97A6-4DF1-8EBD-C5C2438DAE55}
		{00016BE7-85EA-405B-B897-49F2508BD592} = {337725C2-97A6-4DF1-8EBD-C5C2438DAE55}
		{316DA076-F2E4-4FF1-96CF-DB1187BE5CF1} = {337725C2-97A6-4DF1-8EBD-C5C2438DAE55}
		{87EF0FFE-F6D5-4B50-81A1-05C6265FE025} = {337725C2-97A6-4DF1-8EBD-C5C2438DAE55}
	EndGlobalSection
	GlobalSection(ExtensibilityGlobals) = postSolution
		SolutionGuid = {B06AFD5F-F2FA-4A60-A54C-929888129B84}
	EndGlobalSection
EndGlobal
